[[package]]
name = "arpeggio"
version = "2.0.0"
description = "Packrat parser interpreter"
category = "main"
optional = false
python-versions = "*"

[package.extras]
dev = ["wheel", "mkdocs", "mike", "twine"]
test = ["flake8", "coverage", "coveralls", "pytest"]

[[package]]
name = "atomicwrites"
version = "1.4.1"
description = "Atomic file writes."
category = "dev"
optional = false
python-versions = ">=2.7, !=3.0.*, !=3.1.*, !=3.2.*, !=3.3.*"

[[package]]
name = "attrs"
version = "23.1.0"
description = "Classes Without Boilerplate"
category = "dev"
optional = false
python-versions = ">=3.7"

[package.extras]
cov = ["attrs", "coverage[toml] (>=5.3)"]
dev = ["attrs", "pre-commit"]
docs = ["furo", "myst-parser", "sphinx", "sphinx-notfound-page", "sphinxcontrib-towncrier", "towncrier", "zope-interface"]
tests = ["attrs", "zope-interface"]
tests-no-zope = ["cloudpickle", "hypothesis", "mypy (>=1.1.1)", "pympler", "pytest-mypy-plugins", "pytest-xdist", "pytest (>=4.3.0)"]

[[package]]
name = "colorama"
version = "0.4.6"
description = "Cross-platform colored terminal text."
category = "dev"
optional = false
python-versions = "!=3.0.*,!=3.1.*,!=3.2.*,!=3.3.*,!=3.4.*,!=3.5.*,!=3.6.*,>=2.7"

[[package]]
name = "lark"
version = "1.1.5"
description = "a modern parsing library"
category = "main"
optional = false
python-versions = "*"

[package.extras]
atomic_cache = ["atomicwrites"]
nearley = ["js2py"]
regex = ["regex"]

[[package]]
name = "lrparsing"
version = "1.0.13"
description = "An LR(1) parser hiding behind a pythonic interface"
category = "main"
optional = false
python-versions = "*"

[[package]]
name = "more-itertools"
version = "9.1.0"
description = "More routines for operating on iterables, beyond itertools"
category = "dev"
optional = false
python-versions = ">=3.7"

[[package]]
name = "packaging"
version = "23.1"
description = "Core utilities for Python packages"
category = "dev"
optional = false
python-versions = ">=3.7"

[[package]]
name = "parse"
version = "1.19.0"
description = "parse() is the opposite of format()"
category = "main"
optional = false
python-versions = "*"

[[package]]
name = "parsec"
version = "3.15"
description = "parser combinator."
category = "main"
optional = false
python-versions = "*"

[[package]]
name = "parsimonious"
version = "0.10.0"
description = "(Soon to be) the fastest pure-Python PEG parser I could muster"
category = "main"
optional = false
python-versions = "*"

[package.dependencies]
regex = ">=2022.3.15"

[[package]]
name = "parsley"
version = "1.3"
description = "Parsing and pattern matching made easy."
category = "main"
optional = false
python-versions = "*"

[[package]]
name = "parsy"
version = "2.1"
description = "Easy-to-use parser combinators, for parsing in pure Python"
category = "main"
optional = false
python-versions = ">=3.7"

[[package]]
name = "pegen"
version = "0.2.0"
description = "CPython's PEG parser generator"
category = "main"
optional = false
python-versions = "<4,>=3.8"

[package.extras]
docs = ["sphinx", "sphinx-copybutton", "furo"]
lint = ["black", "flake8", "mypy"]
memory = ["psutil"]
test = ["pytest", "pytest-cov"]
web = ["flask", "flask-wtf"]

[[package]]
name = "pluggy"
version = "0.13.1"
description = "plugin and hook calling mechanisms for python"
category = "dev"
optional = false
python-versions = ">=2.7, !=3.0.*, !=3.1.*, !=3.2.*, !=3.3.*"

[package.extras]
dev = ["pre-commit", "tox"]

[[package]]
name = "ply"
version = "3.11"
description = "Python Lex & Yacc"
category = "main"
optional = false
python-versions = "*"

[[package]]
name = "py"
version = "1.11.0"
description = "library with cross-python path, ini-parsing, io, code, log facilities"
category = "dev"
optional = false
python-versions = ">=2.7, !=3.0.*, !=3.1.*, !=3.2.*, !=3.3.*, !=3.4.*"

[[package]]
name = "pyleri"
version = "1.4.2"
description = "Python Left-Right Parser"
category = "main"
optional = false
python-versions = "*"

[[package]]
name = "pyparsing"
version = "3.0.9"
description = "pyparsing module - Classes and methods to define and execute parsing grammars"
category = "main"
optional = false
python-versions = ">=3.6.8"

[package.extras]
diagrams = ["railroad-diagrams", "jinja2"]

[[package]]
name = "pytest"
version = "5.4.3"
description = "pytest: simple powerful testing with Python"
category = "dev"
optional = false
python-versions = ">=3.5"

[package.dependencies]
atomicwrites = {version = ">=1.0", markers = "sys_platform == \"win32\""}
attrs = ">=17.4.0"
colorama = {version = "*", markers = "sys_platform == \"win32\""}
more-itertools = ">=4.0.0"
packaging = "*"
pluggy = ">=0.12,<1.0"
py = ">=1.5.0"
wcwidth = "*"

[package.extras]
checkqa-mypy = ["mypy (==v0.761)"]
testing = ["argcomplete", "hypothesis (>=3.56)", "mock", "nose", "requests", "xmlschema"]

[[package]]
name = "regex"
version = "2023.3.23"
description = "Alternative regular expression module, to replace re."
category = "main"
optional = false
python-versions = ">=3.8"

[[package]]
name = "sly"
version = "0.5"
description = "\"SLY - Sly Lex Yacc\""
category = "main"
optional = false
python-versions = "*"

[[package]]
name = "tatsu"
version = "5.8.3"
description = "TatSu takes a grammar in a variation of EBNF as input, and outputs a memoizing PEG/Packrat parser in Python."
category = "main"
optional = false
python-versions = ">=3.8"

[package.extras]
future-regex = ["regex"]

[[package]]
name = "textx"
version = "3.1.1"
description = "Meta-language for DSL implementation inspired by Xtext"
category = "main"
optional = false
python-versions = "*"

[package.dependencies]
Arpeggio = ">=2.0.0"

[package.extras]
cli = ["click (>=7.0,<8.0)"]
dev = ["textx-dev", "click (>=7.0,<8.0)", "setuptools-scm", "mkdocs", "mike", "twine"]
test = ["click (>=7.0,<8.0)", "flake8", "tox", "jinja2", "coverage", "coveralls", "pytest", "html5lib"]

[[package]]
name = "wcwidth"
version = "0.2.6"
description = "Measures the displayed width of unicode strings in a terminal"
category = "dev"
optional = false
python-versions = "*"

[metadata]
lock-version = "1.1"
python-versions = "^3.9"
content-hash = "c0d154f80b4de7f9de986023cec12cee8665d71e2d85fa9bbf5e19ba3af86654"

[metadata.files]
arpeggio = [
    {file = "Arpeggio-2.0.0-py2.py3-none-any.whl", hash = "sha256:448e332deb0e9ccd04046f1c6c14529d197f41bc2fdb3931e43fc209042fbdd3"},
    {file = "Arpeggio-2.0.0.tar.gz", hash = "sha256:d6b03839019bb8a68785f9292ee6a36b1954eb84b925b84a6b8a5e1e26d3ed3d"},
]
atomicwrites = [
    {file = "atomicwrites-1.4.1.tar.gz", hash = "sha256:81b2c9071a49367a7f770170e5eec8cb66567cfbbc8c73d20ce5ca4a8d71cf11"},
]
attrs = [
    {file = "attrs-23.1.0-py3-none-any.whl", hash = "sha256:1f28b4522cdc2fb4256ac1a020c78acf9cba2c6b461ccd2c126f3aa8e8335d04"},
    {file = "attrs-23.1.0.tar.gz", hash = "sha256:6279836d581513a26f1bf235f9acd333bc9115683f14f7e8fae46c98fc50e015"},
]
colorama = [
    {file = "colorama-0.4.6-py2.py3-none-any.whl", hash = "sha256:4f1d9991f5acc0ca119f9d443620b77f9d6b33703e51011c16baf57afb285fc6"},
    {file = "colorama-0.4.6.tar.gz", hash = "sha256:08695f5cb7ed6e0531a20572697297273c47b8cae5a63ffc6d6ed5c201be6e44"},
]
lark = [
    {file = "lark-1.1.5-py3-none-any.whl", hash = "sha256:8476f9903e93fbde4f6c327f74d79e9b4bd0ed9294c5dfa3164ab8c581b5de2a"},
    {file = "lark-1.1.5.tar.gz", hash = "sha256:4b534eae1f9af5b4ea000bea95776350befe1981658eea3820a01c37e504bb4d"},
]
lrparsing = [
    {file = "lrparsing-1.0.13.tar.gz", hash = "sha256:b9f8c9ab886b4a74ac0e2ffe8619d1b6fa11c8808f1a0ac661cf1765de4483c2"},
]
more-itertools = [
    {file = "more-itertools-9.1.0.tar.gz", hash = "sha256:cabaa341ad0389ea83c17a94566a53ae4c9d07349861ecb14dc6d0345cf9ac5d"},
    {file = "more_itertools-9.1.0-py3-none-any.whl", hash = "sha256:d2bc7f02446e86a68911e58ded76d6561eea00cddfb2a91e7019bbb586c799f3"},
]
packaging = [
    {file = "packaging-23.1-py3-none-any.whl", hash = "sha256:994793af429502c4ea2ebf6bf664629d07c1a9fe974af92966e4b8d2df7edc61"},
    {file = "packaging-23.1.tar.gz", hash = "sha256:a392980d2b6cffa644431898be54b0045151319d1e7ec34f0cfed48767dd334f"},
]
parse = [
    {file = "parse-1.19.0.tar.gz", hash = "sha256:9ff82852bcb65d139813e2a5197627a94966245c897796760a3a2a8eb66f020b"},
]
parsec = [
    {file = "parsec-3.15.tar.gz", hash = "sha256:f3fe44674d2064eb69146de8fa70f134f16e771ff19a462d78f0eb1778dd96db"},
]
parsimonious = [
    {file = "parsimonious-0.10.0-py3-none-any.whl", hash = "sha256:982ab435fabe86519b57f6b35610aa4e4e977e9f02a14353edf4bbc75369fc0f"},
    {file = "parsimonious-0.10.0.tar.gz", hash = "sha256:8281600da180ec8ae35427a4ab4f7b82bfec1e3d1e52f80cb60ea82b9512501c"},
]
parsley = [
    {file = "Parsley-1.3-py2.py3-none-any.whl", hash = "sha256:c3bc417b8c7e3a96c87c0f2f751bfd784ed5156ffccebe2f84330df5685f8dc3"},
    {file = "Parsley-1.3.tar.gz", hash = "sha256:9444278d47161d5f2be76a767809a3cbe6db4db822f46a4fd7481d4057208d41"},
]
parsy = [
    {file = "parsy-2.1-py3-none-any.whl", hash = "sha256:8f18e7b11985e7802e7e3ecbd8291c6ca243d29820b1186e4c84605db4efffa0"},
    {file = "parsy-2.1.tar.gz", hash = "sha256:fd5dd18d7b0b61f8275ee88665f430a20c02cf5a82d88557f35330530186d7ac"},
]
pegen = [
    {file = "pegen-0.2.0-py3-none-any.whl", hash = "sha256:b5ba4f3a25fac1220e979e2fc3dc23ce6dd75de7dcdfe7dd07919e617fdac0e5"},
    {file = "pegen-0.2.0.tar.gz", hash = "sha256:0cd306d5b1073542c177035c3caa4526cd10f674a74d6ab40d9a94c57fe1ff33"},
]
pluggy = [
    {file = "pluggy-0.13.1-py2.py3-none-any.whl", hash = "sha256:966c145cd83c96502c3c3868f50408687b38434af77734af1e9ca461a4081d2d"},
    {file = "pluggy-0.13.1.tar.gz", hash = "sha256:15b2acde666561e1298d71b523007ed7364de07029219b604cf808bfa1c765b0"},
]
ply = [
    {file = "ply-3.11-py2.py3-none-any.whl", hash = "sha256:096f9b8350b65ebd2fd1346b12452efe5b9607f7482813ffca50c22722a807ce"},
    {file = "ply-3.11.tar.gz", hash = "sha256:00c7c1aaa88358b9c765b6d3000c6eec0ba42abca5351b095321aef446081da3"},
]
py = [
    {file = "py-1.11.0-py2.py3-none-any.whl", hash = "sha256:607c53218732647dff4acdfcd50cb62615cedf612e72d1724fb1a0cc6405b378"},
    {file = "py-1.11.0.tar.gz", hash = "sha256:51c75c4126074b472f746a24399ad32f6053d1b34b68d2fa41e558e6f4a98719"},
]
pyleri = [
    {file = "pyleri-1.4.2.tar.gz", hash = "sha256:18b92f631567c3c0dc6a9288aa9abc5706a8c1e0bd48d33fea0401eec02f2e63"},
]
pyparsing = [
    {file = "pyparsing-3.0.9-py3-none-any.whl", hash = "sha256:5026bae9a10eeaefb61dab2f09052b9f4307d44aee4eda64b309723d8d206bbc"},
    {file = "pyparsing-3.0.9.tar.gz", hash = "sha256:2b020ecf7d21b687f219b71ecad3631f644a47f01403fa1d1036b0c6416d70fb"},
]
pytest = [
    {file = "pytest-5.4.3-py3-none-any.whl", hash = "sha256:5c0db86b698e8f170ba4582a492248919255fcd4c79b1ee64ace34301fb589a1"},
    {file = "pytest-5.4.3.tar.gz", hash = "sha256:7979331bfcba207414f5e1263b5a0f8f521d0f457318836a7355531ed1a4c7d8"},
]
regex = [
    {file = "regex-2023.3.23-cp310-cp310-macosx_10_9_x86_64.whl", hash = "sha256:845a5e2d84389c4ddada1a9b95c055320070f18bb76512608374aca00d22eca8"},
    {file = "regex-2023.3.23-cp310-cp310-macosx_11_0_arm64.whl", hash = "sha256:87d9951f5a538dd1d016bdc0dcae59241d15fa94860964833a54d18197fcd134"},
    {file = "regex-2023.3.23-cp310-cp310-manylinux_2_17_aarch64.manylinux2014_aarch64.whl", hash = "sha256:37ae17d3be44c0b3f782c28ae9edd8b47c1f1776d4cabe87edc0b98e1f12b021"},
    {file = "regex-2023.3.23-cp310-cp310-manylinux_2_17_ppc64le.manylinux2014_ppc64le.whl", hash = "sha256:0b8eb1e3bca6b48dc721818a60ae83b8264d4089a4a41d62be6d05316ec38e15"},
    {file = "regex-2023.3.23-cp310-cp310-manylinux_2_17_s390x.manylinux2014_s390x.whl", hash = "sha256:df45fac182ebc3c494460c644e853515cc24f5ad9da05f8ffb91da891bfee879"},
    {file = "regex-2023.3.23-cp310-cp310-manylinux_2_17_x86_64.manylinux2014_x86_64.whl", hash = "sha256:b7006105b10b59971d3b248ad75acc3651c7e4cf54d81694df5a5130a3c3f7ea"},
    {file = "regex-2023.3.23-cp310-cp310-manylinux_2_5_i686.manylinux1_i686.manylinux_2_17_i686.manylinux2014_i686.whl", hash = "sha256:93f3f1aa608380fe294aa4cb82e2afda07a7598e828d0341e124b8fd9327c715"},
    {file = "regex-2023.3.23-cp310-cp310-manylinux_2_5_x86_64.manylinux1_x86_64.manylinux_2_12_x86_64.manylinux2010_x86_64.whl", hash = "sha256:787954f541ab95d8195d97b0b8cf1dc304424adb1e07365967e656b92b38a699"},
    {file = "regex-2023.3.23-cp310-cp310-musllinux_1_1_aarch64.whl", hash = "sha256:20abe0bdf03630fe92ccafc45a599bca8b3501f48d1de4f7d121153350a2f77d"},
    {file = "regex-2023.3.23-cp310-cp310-musllinux_1_1_i686.whl", hash = "sha256:11d00c31aeab9a6e0503bc77e73ed9f4527b3984279d997eb145d7c7be6268fd"},
    {file = "regex-2023.3.23-cp310-cp310-musllinux_1_1_ppc64le.whl", hash = "sha256:d5bbe0e1511b844794a3be43d6c145001626ba9a6c1db8f84bdc724e91131d9d"},
    {file = "regex-2023.3.23-cp310-cp310-musllinux_1_1_s390x.whl", hash = "sha256:ea3c0cb56eadbf4ab2277e7a095676370b3e46dbfc74d5c383bd87b0d6317910"},
    {file = "regex-2023.3.23-cp310-cp310-musllinux_1_1_x86_64.whl", hash = "sha256:d895b4c863059a4934d3e874b90998df774644a41b349ebb330f85f11b4ef2c0"},
    {file = "regex-2023.3.23-cp310-cp310-win32.whl", hash = "sha256:9d764514d19b4edcc75fd8cb1423448ef393e8b6cbd94f38cab983ab1b75855d"},
    {file = "regex-2023.3.23-cp310-cp310-win_amd64.whl", hash = "sha256:11d1f2b7a0696dc0310de0efb51b1f4d813ad4401fe368e83c0c62f344429f98"},
    {file = "regex-2023.3.23-cp311-cp311-macosx_10_9_x86_64.whl", hash = "sha256:8a9c63cde0eaa345795c0fdeb19dc62d22e378c50b0bc67bf4667cd5b482d98b"},
    {file = "regex-2023.3.23-cp311-cp311-macosx_11_0_arm64.whl", hash = "sha256:dd7200b4c27b68cf9c9646da01647141c6db09f48cc5b51bc588deaf8e98a797"},
    {file = "regex-2023.3.23-cp311-cp311-manylinux_2_17_aarch64.manylinux2014_aarch64.whl", hash = "sha256:22720024b90a6ba673a725dcc62e10fb1111b889305d7c6b887ac7466b74bedb"},
    {file = "regex-2023.3.23-cp311-cp311-manylinux_2_17_ppc64le.manylinux2014_ppc64le.whl", hash = "sha256:6b190a339090e6af25f4a5fd9e77591f6d911cc7b96ecbb2114890b061be0ac1"},
    {file = "regex-2023.3.23-cp311-cp311-manylinux_2_17_s390x.manylinux2014_s390x.whl", hash = "sha256:e76b6fc0d8e9efa39100369a9b3379ce35e20f6c75365653cf58d282ad290f6f"},
    {file = "regex-2023.3.23-cp311-cp311-manylinux_2_17_x86_64.manylinux2014_x86_64.whl", hash = "sha256:7868b8f218bf69a2a15402fde08b08712213a1f4b85a156d90473a6fb6b12b09"},
    {file = "regex-2023.3.23-cp311-cp311-manylinux_2_5_i686.manylinux1_i686.manylinux_2_17_i686.manylinux2014_i686.whl", hash = "sha256:2472428efc4127374f494e570e36b30bb5e6b37d9a754f7667f7073e43b0abdd"},
    {file = "regex-2023.3.23-cp311-cp311-musllinux_1_1_aarch64.whl", hash = "sha256:c37df2a060cb476d94c047b18572ee2b37c31f831df126c0da3cd9227b39253d"},
    {file = "regex-2023.3.23-cp311-cp311-musllinux_1_1_i686.whl", hash = "sha256:4479f9e2abc03362df4045b1332d4a2b7885b245a30d4f4b051c4083b97d95d8"},
    {file = "regex-2023.3.23-cp311-cp311-musllinux_1_1_ppc64le.whl", hash = "sha256:e2396e0678167f2d0c197da942b0b3fb48fee2f0b5915a0feb84d11b6686afe6"},
    {file = "regex-2023.3.23-cp311-cp311-musllinux_1_1_s390x.whl", hash = "sha256:75f288c60232a5339e0ff2fa05779a5e9c74e9fc085c81e931d4a264501e745b"},
    {file = "regex-2023.3.23-cp311-cp311-musllinux_1_1_x86_64.whl", hash = "sha256:c869260aa62cee21c5eb171a466c0572b5e809213612ef8d495268cd2e34f20d"},
    {file = "regex-2023.3.23-cp311-cp311-win32.whl", hash = "sha256:25f0532fd0c53e96bad84664171969de9673b4131f2297f1db850d3918d58858"},
    {file = "regex-2023.3.23-cp311-cp311-win_amd64.whl", hash = "sha256:5ccfafd98473e007cebf7da10c1411035b7844f0f204015efd050601906dbb53"},
    {file = "regex-2023.3.23-cp38-cp38-macosx_10_9_x86_64.whl", hash = "sha256:6572ff287176c0fb96568adb292674b421fa762153ed074d94b1d939ed92c253"},
    {file = "regex-2023.3.23-cp38-cp38-macosx_11_0_arm64.whl", hash = "sha256:a610e0adfcb0fc84ea25f6ea685e39e74cbcd9245a72a9a7aab85ff755a5ed27"},
    {file = "regex-2023.3.23-cp38-cp38-manylinux_2_17_aarch64.manylinux2014_aarch64.whl", hash = "sha256:086afe222d58b88b62847bdbd92079b4699350b4acab892f88a935db5707c790"},
    {file = "regex-2023.3.23-cp38-cp38-manylinux_2_17_ppc64le.manylinux2014_ppc64le.whl", hash = "sha256:79e29fd62fa2f597a6754b247356bda14b866131a22444d67f907d6d341e10f3"},
    {file = "regex-2023.3.23-cp38-cp38-manylinux_2_17_s390x.manylinux2014_s390x.whl", hash = "sha256:c07ce8e9eee878a48ebeb32ee661b49504b85e164b05bebf25420705709fdd31"},
    {file = "regex-2023.3.23-cp38-cp38-manylinux_2_17_x86_64.manylinux2014_x86_64.whl", hash = "sha256:86b036f401895e854de9fefe061518e78d506d8a919cc250dc3416bca03f6f9a"},
    {file = "regex-2023.3.23-cp38-cp38-manylinux_2_5_i686.manylinux1_i686.manylinux_2_17_i686.manylinux2014_i686.whl", hash = "sha256:78ac8dd8e18800bb1f97aad0d73f68916592dddf233b99d2b5cabc562088503a"},
    {file = "regex-2023.3.23-cp38-cp38-manylinux_2_5_x86_64.manylinux1_x86_64.manylinux_2_12_x86_64.manylinux2010_x86_64.whl", hash = "sha256:539dd010dc35af935b32f248099e38447bbffc10b59c2b542bceead2bed5c325"},
    {file = "regex-2023.3.23-cp38-cp38-musllinux_1_1_aarch64.whl", hash = "sha256:9bf4a5626f2a0ea006bf81e8963f498a57a47d58907eaa58f4b3e13be68759d8"},
    {file = "regex-2023.3.23-cp38-cp38-musllinux_1_1_i686.whl", hash = "sha256:cf86b4328c204c3f315074a61bc1c06f8a75a8e102359f18ce99fbcbbf1951f0"},
    {file = "regex-2023.3.23-cp38-cp38-musllinux_1_1_ppc64le.whl", hash = "sha256:2848bf76673c83314068241c8d5b7fa9ad9bed866c979875a0e84039349e8fa7"},
    {file = "regex-2023.3.23-cp38-cp38-musllinux_1_1_s390x.whl", hash = "sha256:c125a02d22c555e68f7433bac8449992fa1cead525399f14e47c2d98f2f0e467"},
    {file = "regex-2023.3.23-cp38-cp38-musllinux_1_1_x86_64.whl", hash = "sha256:cd1671e9d5ac05ce6aa86874dd8dfa048824d1dbe73060851b310c6c1a201a96"},
    {file = "regex-2023.3.23-cp38-cp38-win32.whl", hash = "sha256:fffe57312a358be6ec6baeb43d253c36e5790e436b7bf5b7a38df360363e88e9"},
    {file = "regex-2023.3.23-cp38-cp38-win_amd64.whl", hash = "sha256:dbb3f87e15d3dd76996d604af8678316ad2d7d20faa394e92d9394dfd621fd0c"},
    {file = "regex-2023.3.23-cp39-cp39-macosx_10_9_x86_64.whl", hash = "sha256:c88e8c226473b5549fe9616980ea7ca09289246cfbdf469241edf4741a620004"},
    {file = "regex-2023.3.23-cp39-cp39-macosx_11_0_arm64.whl", hash = "sha256:6560776ec19c83f3645bbc5db64a7a5816c9d8fb7ed7201c5bcd269323d88072"},
    {file = "regex-2023.3.23-cp39-cp39-manylinux_2_17_aarch64.manylinux2014_aarch64.whl", hash = "sha256:1b1fc2632c01f42e06173d8dd9bb2e74ab9b0afa1d698058c867288d2c7a31f3"},
    {file = "regex-2023.3.23-cp39-cp39-manylinux_2_17_ppc64le.manylinux2014_ppc64le.whl", hash = "sha256:fdf7ad455f1916b8ea5cdbc482d379f6daf93f3867b4232d14699867a5a13af7"},
    {file = "regex-2023.3.23-cp39-cp39-manylinux_2_17_s390x.manylinux2014_s390x.whl", hash = "sha256:5fc33b27b1d800fc5b78d7f7d0f287e35079ecabe68e83d46930cf45690e1c8c"},
    {file = "regex-2023.3.23-cp39-cp39-manylinux_2_17_x86_64.manylinux2014_x86_64.whl", hash = "sha256:4c49552dc938e3588f63f8a78c86f3c9c75301e813bca0bef13bdb4b87ccf364"},
    {file = "regex-2023.3.23-cp39-cp39-manylinux_2_5_i686.manylinux1_i686.manylinux_2_17_i686.manylinux2014_i686.whl", hash = "sha256:e152461e9a0aedec7d37fc66ec0fa635eca984777d3d3c3e36f53bf3d3ceb16e"},
    {file = "regex-2023.3.23-cp39-cp39-manylinux_2_5_x86_64.manylinux1_x86_64.manylinux_2_12_x86_64.manylinux2010_x86_64.whl", hash = "sha256:db034255e72d2995cf581b14bb3fc9c00bdbe6822b49fcd4eef79e1d5f232618"},
    {file = "regex-2023.3.23-cp39-cp39-musllinux_1_1_aarch64.whl", hash = "sha256:55ae114da21b7a790b90255ea52d2aa3a0d121a646deb2d3c6a3194e722fc762"},
    {file = "regex-2023.3.23-cp39-cp39-musllinux_1_1_i686.whl", hash = "sha256:ef3f528fe1cc3d139508fe1b22523745aa77b9d6cb5b0bf277f48788ee0b993f"},
    {file = "regex-2023.3.23-cp39-cp39-musllinux_1_1_ppc64le.whl", hash = "sha256:a81c9ec59ca2303acd1ccd7b9ac409f1e478e40e96f8f79b943be476c5fdb8bb"},
    {file = "regex-2023.3.23-cp39-cp39-musllinux_1_1_s390x.whl", hash = "sha256:cde09c4fdd070772aa2596d97e942eb775a478b32459e042e1be71b739d08b77"},
    {file = "regex-2023.3.23-cp39-cp39-musllinux_1_1_x86_64.whl", hash = "sha256:3cd9f5dd7b821f141d3a6ca0d5d9359b9221e4f051ca3139320adea9f1679691"},
    {file = "regex-2023.3.23-cp39-cp39-win32.whl", hash = "sha256:7304863f3a652dab5e68e6fb1725d05ebab36ec0390676d1736e0571ebb713ef"},
    {file = "regex-2023.3.23-cp39-cp39-win_amd64.whl", hash = "sha256:54c3fa855a3f7438149de3211738dd9b5f0c733f48b54ae05aa7fce83d48d858"},
    {file = "regex-2023.3.23.tar.gz", hash = "sha256:dc80df325b43ffea5cdea2e3eaa97a44f3dd298262b1c7fe9dbb2a9522b956a7"},
]
sly = [
    {file = "sly-0.5-py3-none-any.whl", hash = "sha256:20485483259eec7f6ba85ff4d2e96a4e50c6621902667fc2695cc8bc2a3e5133"},
    {file = "sly-0.5.tar.gz", hash = "sha256:251d42015e8507158aec2164f06035df4a82b0314ce6450f457d7125e7649024"},
]
tatsu = [
    {file = "TatSu-5.8.3-py2.py3-none-any.whl", hash = "sha256:0a836692e67247cad9f251e083b045b13345cc715e69a7fbc16522beaa0f2163"},
    {file = "TatSu-5.8.3.zip", hash = "sha256:571ecbcdf33b7828c05e5cd95a8e8ad06af111c2c83a6a245be4d8f7c43de7bb"},
]
textx = [
    {file = "textX-3.1.1-py2.py3-none-any.whl", hash = "sha256:1f2bd936309f5f9092567e3f5a0c513d8292d5852c63a72096fe5a57018d0f50"},
    {file = "textX-3.1.1.tar.gz", hash = "sha256:e2fb7d090ea4a71f8bf2f0303770275c42a5f73854b4e7f6adfcdbe368fab0fa"},
]
wcwidth = [
    {file = "wcwidth-0.2.6-py2.py3-none-any.whl", hash = "sha256:795b138f6875577cd91bba52baf9e445cd5118fd32723b460e30a0af30ea230e"},
    {file = "wcwidth-0.2.6.tar.gz", hash = "sha256:a5220780a404dbe3353789870978e472cfe477761f06ee55077256e509b156d0"},
]
